// !$*UTF8*$!
{
	archiveVersion = 1;
	classes = {
	};
	objectVersion = 56;
	objects = {

/* Begin PBXBuildFile section */
		B9B2AEE52958652A00789A6B /* navigationStackApp.swift in Sources */ = {isa = PBXBuildFile; fileRef = B9B2AEE42958652A00789A6B /* navigationStackApp.swift */; };
		B9B2AEE72958652A00789A6B /* ContentView.swift in Sources */ = {isa = PBXBuildFile; fileRef = B9B2AEE62958652A00789A6B /* ContentView.swift */; };
		B9B2AEE92958652A00789A6B /* Assets.xcassets in Resources */ = {isa = PBXBuildFile; fileRef = B9B2AEE82958652A00789A6B /* Assets.xcassets */; };
		B9B2AEED2958652A00789A6B /* Preview Assets.xcassets in Resources */ = {isa = PBXBuildFile; fileRef = B9B2AEEC2958652A00789A6B /* Preview Assets.xcassets */; };
		B9B2AEF72958652A00789A6B /* navigationStackTests.swift in Sources */ = {isa = PBXBuildFile; fileRef = B9B2AEF62958652A00789A6B /* navigationStackTests.swift */; };
		B9B2AF012958652A00789A6B /* navigationStackUITests.swift in Sources */ = {isa = PBXBuildFile; fileRef = B9B2AF002958652A00789A6B /* navigationStackUITests.swift */; };
		B9B2AF032958652A00789A6B /* navigationStackUITestsLaunchTests.swift in Sources */ = {isa = PBXBuildFile; fileRef = B9B2AF022958652A00789A6B /* navigationStackUITestsLaunchTests.swift */; };
/* End PBXBuildFile section */

/* Begin PBXContainerItemProxy section */
		B9B2AEF32958652A00789A6B /* PBXContainerItemProxy */ = {
			isa = PBXContainerItemProxy;
			containerPortal = B9B2AED92958652A00789A6B /* Project object */;
			proxyType = 1;
			remoteGlobalIDString = B9B2AEE02958652A00789A6B;
			remoteInfo = navigationStack;
		};
		B9B2AEFD2958652A00789A6B /* PBXContainerItemProxy */ = {
			isa = PBXContainerItemProxy;
			containerPortal = B9B2AED92958652A00789A6B /* Project object */;
			proxyType = 1;
			remoteGlobalIDString = B9B2AEE02958652A00789A6B;
			remoteInfo = navigationStack;
		};
/* End PBXContainerItemProxy section */

/* Begin PBXFileReference section */
		B9B2AEE12958652A00789A6B /* navigationStack.app */ = {isa = PBXFileReference; explicitFileType = wrapper.application; includeInIndex = 0; path = navigationStack.app; sourceTree = BUILT_PRODUCTS_DIR; };
		B9B2AEE42958652A00789A6B /* navigationStackApp.swift */ = {isa = PBXFileReference; lastKnownFileType = sourcecode.swift; path = navigationStackApp.swift; sourceTree = "<group>"; };
		B9B2AEE62958652A00789A6B /* ContentView.swift */ = {isa = PBXFileReference; lastKnownFileType = sourcecode.swift; path = ContentView.swift; sourceTree = "<group>"; };
		B9B2AEE82958652A00789A6B /* Assets.xcassets */ = {isa = PBXFileReference; lastKnownFileType = folder.assetcatalog; path = Assets.xcassets; sourceTree = "<group>"; };
		B9B2AEEA2958652A00789A6B /* navigationStack.entitlements */ = {isa = PBXFileReference; lastKnownFileType = text.plist.entitlements; path = navigationStack.entitlements; sourceTree = "<group>"; };
		B9B2AEEC2958652A00789A6B /* Preview Assets.xcassets */ = {isa = PBXFileReference; lastKnownFileType = folder.assetcatalog; path = "Preview Assets.xcassets"; sourceTree = "<group>"; };
		B9B2AEF22958652A00789A6B /* navigationStackTests.xctest */ = {isa = PBXFileReference; explicitFileType = wrapper.cfbundle; includeInIndex = 0; path = navigationStackTests.xctest; sourceTree = BUILT_PRODUCTS_DIR; };
		B9B2AEF62958652A00789A6B /* navigationStackTests.swift */ = {isa = PBXFileReference; lastKnownFileType = sourcecode.swift; path = navigationStackTests.swift; sourceTree = "<group>"; };
		B9B2AEFC2958652A00789A6B /* navigationStackUITests.xctest */ = {isa = PBXFileReference; explicitFileType = wrapper.cfbundle; includeInIndex = 0; path = navigationStackUITests.xctest; sourceTree = BUILT_PRODUCTS_DIR; };
		B9B2AF002958652A00789A6B /* navigationStackUITests.swift */ = {isa = PBXFileReference; lastKnownFileType = sourcecode.swift; path = navigationStackUITests.swift; sourceTree = "<group>"; };
		B9B2AF022958652A00789A6B /* navigationStackUITestsLaunchTests.swift */ = {isa = PBXFileReference; lastKnownFileType = sourcecode.swift; path = navigationStackUITestsLaunchTests.swift; sourceTree = "<group>"; };
/* End PBXFileReference section */

/* Begin PBXFrameworksBuildPhase section */
		B9B2AEDE2958652A00789A6B /* Frameworks */ = {
			isa = PBXFrameworksBuildPhase;
			buildActionMask = 2147483647;
			files = (
			);
			runOnlyForDeploymentPostprocessing = 0;
		};
		B9B2AEEF2958652A00789A6B /* Frameworks */ = {
			isa = PBXFrameworksBuildPhase;
			buildActionMask = 2147483647;
			files = (
			);
			runOnlyForDeploymentPostprocessing = 0;
		};
		B9B2AEF92958652A00789A6B /* Frameworks */ = {
			isa = PBXFrameworksBuildPhase;
			buildActionMask = 2147483647;
			files = (
			);
			runOnlyForDeploymentPostprocessing = 0;
		};
/* End PBXFrameworksBuildPhase section */

/* Begin PBXGroup section */
		B9B2AED82958652A00789A6B = {
			isa = PBXGroup;
			children = (
				B9B2AEE32958652A00789A6B /* navigationStack */,
				B9B2AEF52958652A00789A6B /* navigationStackTests */,
				B9B2AEFF2958652A00789A6B /* navigationStackUITests */,
				B9B2AEE22958652A00789A6B /* Products */,
			);
			sourceTree = "<group>";
		};
		B9B2AEE22958652A00789A6B /* Products */ = {
			isa = PBXGroup;
			children = (
				B9B2AEE12958652A00789A6B /* navigationStack.app */,
				B9B2AEF22958652A00789A6B /* navigationStackTests.xctest */,
				B9B2AEFC2958652A00789A6B /* navigationStackUITests.xctest */,
			);
			name = Products;
			sourceTree = "<group>";
		};
		B9B2AEE32958652A00789A6B /* navigationStack */ = {
			isa = PBXGroup;
			children = (
				B9B2AEE42958652A00789A6B /* navigationStackApp.swift */,
				B9B2AEE62958652A00789A6B /* ContentView.swift */,
				B9B2AEE82958652A00789A6B /* Assets.xcassets */,
				B9B2AEEA2958652A00789A6B /* navigationStack.entitlements */,
				B9B2AEEB2958652A00789A6B /* Preview Content */,
			);
			path = navigationStack;
			sourceTree = "<group>";
		};
		B9B2AEEB2958652A00789A6B /* Preview Content */ = {
			isa = PBXGroup;
			children = (
				B9B2AEEC2958652A00789A6B /* Preview Assets.xcassets */,
			);
			path = "Preview Content";
			sourceTree = "<group>";
		};
		B9B2AEF52958652A00789A6B /* navigationStackTests */ = {
			isa = PBXGroup;
			children = (
				B9B2AEF62958652A00789A6B /* navigationStackTests.swift */,
			);
			path = navigationStackTests;
			sourceTree = "<group>";
		};
		B9B2AEFF2958652A00789A6B /* navigationStackUITests */ = {
			isa = PBXGroup;
			children = (
				B9B2AF002958652A00789A6B /* navigationStackUITests.swift */,
				B9B2AF022958652A00789A6B /* navigationStackUITestsLaunchTests.swift */,
			);
			path = navigationStackUITests;
			sourceTree = "<group>";
		};
/* End PBXGroup section */

/* Begin PBXNativeTarget section */
		B9B2AEE02958652A00789A6B /* navigationStack */ = {
			isa = PBXNativeTarget;
			buildConfigurationList = B9B2AF062958652A00789A6B /* Build configuration list for PBXNativeTarget "navigationStack" */;
			buildPhases = (
				B9B2AEDD2958652A00789A6B /* Sources */,
				B9B2AEDE2958652A00789A6B /* Frameworks */,
				B9B2AEDF2958652A00789A6B /* Resources */,
			);
			buildRules = (
			);
			dependencies = (
			);
			name = navigationStack;
			productName = navigationStack;
			productReference = B9B2AEE12958652A00789A6B /* navigationStack.app */;
			productType = "com.apple.product-type.application";
		};
		B9B2AEF12958652A00789A6B /* navigationStackTests */ = {
			isa = PBXNativeTarget;
			buildConfigurationList = B9B2AF092958652A00789A6B /* Build configuration list for PBXNativeTarget "navigationStackTests" */;
			buildPhases = (
				B9B2AEEE2958652A00789A6B /* Sources */,
				B9B2AEEF2958652A00789A6B /* Frameworks */,
				B9B2AEF02958652A00789A6B /* Resources */,
			);
			buildRules = (
			);
			dependencies = (
				B9B2AEF42958652A00789A6B /* PBXTargetDependency */,
			);
			name = navigationStackTests;
			productName = navigationStackTests;
			productReference = B9B2AEF22958652A00789A6B /* navigationStackTests.xctest */;
			productType = "com.apple.product-type.bundle.unit-test";
		};
		B9B2AEFB2958652A00789A6B /* navigationStackUITests */ = {
			isa = PBXNativeTarget;
			buildConfigurationList = B9B2AF0C2958652A00789A6B /* Build configuration list for PBXNativeTarget "navigationStackUITests" */;
			buildPhases = (
				B9B2AEF82958652A00789A6B /* Sources */,
				B9B2AEF92958652A00789A6B /* Frameworks */,
				B9B2AEFA2958652A00789A6B /* Resources */,
			);
			buildRules = (
			);
			dependencies = (
				B9B2AEFE2958652A00789A6B /* PBXTargetDependency */,
			);
			name = navigationStackUITests;
			productName = navigationStackUITests;
			productReference = B9B2AEFC2958652A00789A6B /* navigationStackUITests.xctest */;
			productType = "com.apple.product-type.bundle.ui-testing";
		};
/* End PBXNativeTarget section */

/* Begin PBXProject section */
		B9B2AED92958652A00789A6B /* Project object */ = {
			isa = PBXProject;
			attributes = {
				BuildIndependentTargetsInParallel = 1;
				LastSwiftUpdateCheck = 1410;
				LastUpgradeCheck = 1410;
				TargetAttributes = {
					B9B2AEE02958652A00789A6B = {
						CreatedOnToolsVersion = 14.1;
					};
					B9B2AEF12958652A00789A6B = {
						CreatedOnToolsVersion = 14.1;
						TestTargetID = B9B2AEE02958652A00789A6B;
					};
					B9B2AEFB2958652A00789A6B = {
						CreatedOnToolsVersion = 14.1;
						TestTargetID = B9B2AEE02958652A00789A6B;
					};
				};
			};
			buildConfigurationList = B9B2AEDC2958652A00789A6B /* Build configuration list for PBXProject "navigationStack" */;
			compatibilityVersion = "Xcode 14.0";
			developmentRegion = en;
			hasScannedForEncodings = 0;
			knownRegions = (
				en,
				Base,
			);
			mainGroup = B9B2AED82958652A00789A6B;
			productRefGroup = B9B2AEE22958652A00789A6B /* Products */;
			projectDirPath = "";
			projectRoot = "";
			targets = (
				B9B2AEE02958652A00789A6B /* navigationStack */,
				B9B2AEF12958652A00789A6B /* navigationStackTests */,
				B9B2AEFB2958652A00789A6B /* navigationStackUITests */,
			);
		};
/* End PBXProject section */

/* Begin PBXResourcesBuildPhase section */
		B9B2AEDF2958652A00789A6B /* Resources */ = {
			isa = PBXResourcesBuildPhase;
			buildActionMask = 2147483647;
			files = (
				B9B2AEED2958652A00789A6B /* Preview Assets.xcassets in Resources */,
				B9B2AEE92958652A00789A6B /* Assets.xcassets in Resources */,
			);
			runOnlyForDeploymentPostprocessing = 0;
		};
		B9B2AEF02958652A00789A6B /* Resources */ = {
			isa = PBXResourcesBuildPhase;
			buildActionMask = 2147483647;
			files = (
			);
			runOnlyForDeploymentPostprocessing = 0;
		};
		B9B2AEFA2958652A00789A6B /* Resources */ = {
			isa = PBXResourcesBuildPhase;
			buildActionMask = 2147483647;
			files = (
			);
			runOnlyForDeploymentPostprocessing = 0;
		};
/* End PBXResourcesBuildPhase section */

/* Begin PBXSourcesBuildPhase section */
		B9B2AEDD2958652A00789A6B /* Sources */ = {
			isa = PBXSourcesBuildPhase;
			buildActionMask = 2147483647;
			files = (
				B9B2AEE72958652A00789A6B /* ContentView.swift in Sources */,
				B9B2AEE52958652A00789A6B /* navigationStackApp.swift in Sources */,
			);
			runOnlyForDeploymentPostprocessing = 0;
		};
		B9B2AEEE2958652A00789A6B /* Sources */ = {
			isa = PBXSourcesBuildPhase;
			buildActionMask = 2147483647;
			files = (
				B9B2AEF72958652A00789A6B /* navigationStackTests.swift in Sources */,
			);
			runOnlyForDeploymentPostprocessing = 0;
		};
		B9B2AEF82958652A00789A6B /* Sources */ = {
			isa = PBXSourcesBuildPhase;
			buildActionMask = 2147483647;
			files = (
				B9B2AF012958652A00789A6B /* navigationStackUITests.swift in Sources */,
				B9B2AF032958652A00789A6B /* navigationStackUITestsLaunchTests.swift in Sources */,
			);
			runOnlyForDeploymentPostprocessing = 0;
		};
/* End PBXSourcesBuildPhase section */

/* Begin PBXTargetDependency section */
		B9B2AEF42958652A00789A6B /* PBXTargetDependency */ = {
			isa = PBXTargetDependency;
			target = B9B2AEE02958652A00789A6B /* navigationStack */;
			targetProxy = B9B2AEF32958652A00789A6B /* PBXContainerItemProxy */;
		};
		B9B2AEFE2958652A00789A6B /* PBXTargetDependency */ = {
			isa = PBXTargetDependency;
			target = B9B2AEE02958652A00789A6B /* navigationStack */;
			targetProxy = B9B2AEFD2958652A00789A6B /* PBXContainerItemProxy */;
		};
/* End PBXTargetDependency section */

/* Begin XCBuildConfiguration section */
		B9B2AF042958652A00789A6B /* Debug */ = {
			isa = XCBuildConfiguration;
			buildSettings = {
				ALWAYS_SEARCH_USER_PATHS = NO;
				CLANG_ANALYZER_NONNULL = YES;
				CLANG_ANALYZER_NUMBER_OBJECT_CONVERSION = YES_AGGRESSIVE;
				CLANG_CXX_LANGUAGE_STANDARD = "gnu++20";
				CLANG_ENABLE_MODULES = YES;
				CLANG_ENABLE_OBJC_ARC = YES;
				CLANG_ENABLE_OBJC_WEAK = YES;
				CLANG_WARN_BLOCK_CAPTURE_AUTORELEASING = YES;
				CLANG_WARN_BOOL_CONVERSION = YES;
				CLANG_WARN_COMMA = YES;
				CLANG_WARN_CONSTANT_CONVERSION = YES;
				CLANG_WARN_DEPRECATED_OBJC_IMPLEMENTATIONS = YES;
				CLANG_WARN_DIRECT_OBJC_ISA_USAGE = YES_ERROR;
				CLANG_WARN_DOCUMENTATION_COMMENTS = YES;
				CLANG_WARN_EMPTY_BODY = YES;
				CLANG_WARN_ENUM_CONVERSION = YES;
				CLANG_WARN_INFINITE_RECURSION = YES;
				CLANG_WARN_INT_CONVERSION = YES;
				CLANG_WARN_NON_LITERAL_NULL_CONVERSION = YES;
				CLANG_WARN_OBJC_IMPLICIT_RETAIN_SELF = YES;
				CLANG_WARN_OBJC_LITERAL_CONVERSION = YES;
				CLANG_WARN_OBJC_ROOT_CLASS = YES_ERROR;
				CLANG_WARN_QUOTED_INCLUDE_IN_FRAMEWORK_HEADER = YES;
				CLANG_WARN_RANGE_LOOP_ANALYSIS = YES;
				CLANG_WARN_STRICT_PROTOTYPES = YES;
				CLANG_WARN_SUSPICIOUS_MOVE = YES;
				CLANG_WARN_UNGUARDED_AVAILABILITY = YES_AGGRESSIVE;
				CLANG_WARN_UNREACHABLE_CODE = YES;
				CLANG_WARN__DUPLICATE_METHOD_MATCH = YES;
				COPY_PHASE_STRIP = NO;
				DEBUG_INFORMATION_FORMAT = dwarf;
				ENABLE_STRICT_OBJC_MSGSEND = YES;
				ENABLE_TESTABILITY = YES;
				GCC_C_LANGUAGE_STANDARD = gnu11;
				GCC_DYNAMIC_NO_PIC = NO;
				GCC_NO_COMMON_BLOCKS = YES;
				GCC_OPTIMIZATION_LEVEL = 0;
				GCC_PREPROCESSOR_DEFINITIONS = (
					"DEBUG=1",
					"$(inherited)",
				);
				GCC_WARN_64_TO_32_BIT_CONVERSION = YES;
				GCC_WARN_ABOUT_RETURN_TYPE = YES_ERROR;
				GCC_WARN_UNDECLARED_SELECTOR = YES;
				GCC_WARN_UNINITIALIZED_AUTOS = YES_AGGRESSIVE;
				GCC_WARN_UNUSED_FUNCTION = YES;
				GCC_WARN_UNUSED_VARIABLE = YES;
				MTL_ENABLE_DEBUG_INFO = INCLUDE_SOURCE;
				MTL_FAST_MATH = YES;
				ONLY_ACTIVE_ARCH = YES;
				SWIFT_ACTIVE_COMPILATION_CONDITIONS = DEBUG;
				SWIFT_OPTIMIZATION_LEVEL = "-Onone";
			};
			name = Debug;
		};
		B9B2AF052958652A00789A6B /* Release */ = {
			isa = XCBuildConfiguration;
			buildSettings = {
				ALWAYS_SEARCH_USER_PATHS = NO;
				CLANG_ANALYZER_NONNULL = YES;
				CLANG_ANALYZER_NUMBER_OBJECT_CONVERSION = YES_AGGRESSIVE;
				CLANG_CXX_LANGUAGE_STANDARD = "gnu++20";
				CLANG_ENABLE_MODULES = YES;
				CLANG_ENABLE_OBJC_ARC = YES;
				CLANG_ENABLE_OBJC_WEAK = YES;
				CLANG_WARN_BLOCK_CAPTURE_AUTORELEASING = YES;
				CLANG_WARN_BOOL_CONVERSION = YES;
				CLANG_WARN_COMMA = YES;
				CLANG_WARN_CONSTANT_CONVERSION = YES;
				CLANG_WARN_DEPRECATED_OBJC_IMPLEMENTATIONS = YES;
				CLANG_WARN_DIRECT_OBJC_ISA_USAGE = YES_ERROR;
				CLANG_WARN_DOCUMENTATION_COMMENTS = YES;
				CLANG_WARN_EMPTY_BODY = YES;
				CLANG_WARN_ENUM_CONVERSION = YES;
				CLANG_WARN_INFINITE_RECURSION = YES;
				CLANG_WARN_INT_CONVERSION = YES;
				CLANG_WARN_NON_LITERAL_NULL_CONVERSION = YES;
				CLANG_WARN_OBJC_IMPLICIT_RETAIN_SELF = YES;
				CLANG_WARN_OBJC_LITERAL_CONVERSION = YES;
				CLANG_WARN_OBJC_ROOT_CLASS = YES_ERROR;
				CLANG_WARN_QUOTED_INCLUDE_IN_FRAMEWORK_HEADER = YES;
				CLANG_WARN_RANGE_LOOP_ANALYSIS = YES;
				CLANG_WARN_STRICT_PROTOTYPES = YES;
				CLANG_WARN_SUSPICIOUS_MOVE = YES;
				CLANG_WARN_UNGUARDED_AVAILABILITY = YES_AGGRESSIVE;
				CLANG_WARN_UNREACHABLE_CODE = YES;
				CLANG_WARN__DUPLICATE_METHOD_MATCH = YES;
				COPY_PHASE_STRIP = NO;
				DEBUG_INFORMATION_FORMAT = "dwarf-with-dsym";
				ENABLE_NS_ASSERTIONS = NO;
				ENABLE_STRICT_OBJC_MSGSEND = YES;
				GCC_C_LANGUAGE_STANDARD = gnu11;
				GCC_NO_COMMON_BLOCKS = YES;
				GCC_WARN_64_TO_32_BIT_CONVERSION = YES;
				GCC_WARN_ABOUT_RETURN_TYPE = YES_ERROR;
				GCC_WARN_UNDECLARED_SELECTOR = YES;
				GCC_WARN_UNINITIALIZED_AUTOS = YES_AGGRESSIVE;
				GCC_WARN_UNUSED_FUNCTION = YES;
				GCC_WARN_UNUSED_VARIABLE = YES;
				MTL_ENABLE_DEBUG_INFO = NO;
				MTL_FAST_MATH = YES;
				SWIFT_COMPILATION_MODE = wholemodule;
				SWIFT_OPTIMIZATION_LEVEL = "-O";
			};
			name = Release;
		};
		B9B2AF072958652A00789A6B /* Debug */ = {
			isa = XCBuildConfiguration;
			buildSettings = {
				ASSETCATALOG_COMPILER_APPICON_NAME = AppIcon;
				ASSETCATALOG_COMPILER_GLOBAL_ACCENT_COLOR_NAME = AccentColor;
				CODE_SIGN_ENTITLEMENTS = navigationStack/navigationStack.entitlements;
				CODE_SIGN_STYLE = Automatic;
				CURRENT_PROJECT_VERSION = 1;
				DEVELOPMENT_ASSET_PATHS = "\"navigationStack/Preview Content\"";
				DEVELOPMENT_TEAM = LCR365ZNU6;
				ENABLE_HARDENED_RUNTIME = YES;
				ENABLE_PREVIEWS = YES;
				GENERATE_INFOPLIST_FILE = YES;
				"INFOPLIST_KEY_UIApplicationSceneManifest_Generation[sdk=iphoneos*]" = YES;
				"INFOPLIST_KEY_UIApplicationSceneManifest_Generation[sdk=iphonesimulator*]" = YES;
				"INFOPLIST_KEY_UIApplicationSupportsIndirectInputEvents[sdk=iphoneos*]" = YES;
				"INFOPLIST_KEY_UIApplicationSupportsIndirectInputEvents[sdk=iphonesimulator*]" = YES;
				"INFOPLIST_KEY_UILaunchScreen_Generation[sdk=iphoneos*]" = YES;
				"INFOPLIST_KEY_UILaunchScreen_Generation[sdk=iphonesimulator*]" = YES;
				"INFOPLIST_KEY_UIStatusBarStyle[sdk=iphoneos*]" = UIStatusBarStyleDefault;
				"INFOPLIST_KEY_UIStatusBarStyle[sdk=iphonesimulator*]" = UIStatusBarStyleDefault;
				INFOPLIST_KEY_UISupportedInterfaceOrientations_iPad = "UIInterfaceOrientationPortrait UIInterfaceOrientationPortraitUpsideDown UIInterfaceOrientationLandscapeLeft UIInterfaceOrientationLandscapeRight";
				INFOPLIST_KEY_UISupportedInterfaceOrientations_iPhone = "UIInterfaceOrientationPortrait UIInterfaceOrientationLandscapeLeft UIInterfaceOrientationLandscapeRight";
				IPHONEOS_DEPLOYMENT_TARGET = 16.1;
				LD_RUNPATH_SEARCH_PATHS = "@executable_path/Frameworks";
				"LD_RUNPATH_SEARCH_PATHS[sdk=macosx*]" = "@executable_path/../Frameworks";
				MACOSX_DEPLOYMENT_TARGET = 12.6;
				MARKETING_VERSION = 1.0;
				PRODUCT_BUNDLE_IDENTIFIER = sonerxdev.navigationStack;
				PRODUCT_NAME = "$(TARGET_NAME)";
				SDKROOT = auto;
				SUPPORTED_PLATFORMS = "iphoneos iphonesimulator macosx";
				SWIFT_EMIT_LOC_STRINGS = YES;
				SWIFT_VERSION = 5.0;
				TARGETED_DEVICE_FAMILY = "1,2";
			};
			name = Debug;
		};
		B9B2AF082958652A00789A6B /* Release */ = {
			isa = XCBuildConfiguration;
			buildSettings = {
				ASSETCATALOG_COMPILER_APPICON_NAME = AppIcon;
				ASSETCATALOG_COMPILER_GLOBAL_ACCENT_COLOR_NAME = AccentColor;
				CODE_SIGN_ENTITLEMENTS = navigationStack/navigationStack.entitlements;
				CODE_SIGN_STYLE = Automatic;
				CURRENT_PROJECT_VERSION = 1;
				DEVELOPMENT_ASSET_PATHS = "\"navigationStack/Preview Content\"";
				DEVELOPMENT_TEAM = LCR365ZNU6;
				ENABLE_HARDENED_RUNTIME = YES;
				ENABLE_PREVIEWS = YES;
				GENERATE_INFOPLIST_FILE = YES;
				"INFOPLIST_KEY_UIApplicationSceneManifest_Generation[sdk=iphoneos*]" = YES;
				"INFOPLIST_KEY_UIApplicationSceneManifest_Generation[sdk=iphonesimulator*]" = YES;
				"INFOPLIST_KEY_UIApplicationSupportsIndirectInputEvents[sdk=iphoneos*]" = YES;
				"INFOPLIST_KEY_UIApplicationSupportsIndirectInputEvents[sdk=iphonesimulator*]" = YES;
				"INFOPLIST_KEY_UILaunchScreen_Generation[sdk=iphoneos*]" = YES;
				"INFOPLIST_KEY_UILaunchScreen_Generation[sdk=iphonesimulator*]" = YES;
				"INFOPLIST_KEY_UIStatusBarStyle[sdk=iphoneos*]" = UIStatusBarStyleDefault;
				"INFOPLIST_KEY_UIStatusBarStyle[sdk=iphonesimulator*]" = UIStatusBarStyleDefault;
				INFOPLIST_KEY_UISupportedInterfaceOrientations_iPad = "UIInterfaceOrientationPortrait UIInterfaceOrientationPortraitUpsideDown UIInterfaceOrientationLandscapeLeft UIInterfaceOrientationLandscapeRight";
				INFOPLIST_KEY_UISupportedInterfaceOrientations_iPhone = "UIInterfaceOrientationPortrait UIInterfaceOrientationLandscapeLeft UIInterfaceOrientationLandscapeRight";
				IPHONEOS_DEPLOYMENT_TARGET = 16.1;
				LD_RUNPATH_SEARCH_PATHS = "@executable_path/Frameworks";
				"LD_RUNPATH_SEARCH_PATHS[sdk=macosx*]" = "@executable_path/../Frameworks";
				MACOSX_DEPLOYMENT_TARGET = 12.6;
				MARKETING_VERSION = 1.0;
				PRODUCT_BUNDLE_IDENTIFIER = sonerxdev.navigationStack;
				PRODUCT_NAME = "$(TARGET_NAME)";
				SDKROOT = auto;
				SUPPORTED_PLATFORMS = "iphoneos iphonesimulator macosx";
				SWIFT_EMIT_LOC_STRINGS = YES;
				SWIFT_VERSION = 5.0;
				TARGETED_DEVICE_FAMILY = "1,2";
			};
			name = Release;
		};
		B9B2AF0A2958652A00789A6B /* Debug */ = {
			isa = XCBuildConfiguration;
			buildSettings = {
				ALWAYS_EMBED_SWIFT_STANDARD_LIBRARIES = YES;
				BUNDLE_LOADER = "$(TEST_HOST)";
				CODE_SIGN_STYLE = Automatic;
				CURRENT_PROJECT_VERSION = 1;
				DEVELOPMENT_TEAM = LCR365ZNU6;
				GENERATE_INFOPLIST_FILE = YES;
				IPHONEOS_DEPLOYMENT_TARGET = 16.1;
				MACOSX_DEPLOYMENT_TARGET = 12.6;
				MARKETING_VERSION = 1.0;
				PRODUCT_BUNDLE_IDENTIFIER = sonerxdev.navigationStackTests;
				PRODUCT_NAME = "$(TARGET_NAME)";
				SDKROOT = auto;
				SUPPORTED_PLATFORMS = "iphoneos iphonesimulator macosx";
				SWIFT_EMIT_LOC_STRINGS = NO;
				SWIFT_VERSION = 5.0;
				TARGETED_DEVICE_FAMILY = "1,2";
				TEST_HOST = "$(BUILT_PRODUCTS_DIR)/navigationStack.app/$(BUNDLE_EXECUTABLE_FOLDER_PATH)/navigationStack";
			};
			name = Debug;
		};
		B9B2AF0B2958652A00789A6B /* Release */ = {
			isa = XCBuildConfiguration;
			buildSettings = {
				ALWAYS_EMBED_SWIFT_STANDARD_LIBRARIES = YES;
				BUNDLE_LOADER = "$(TEST_HOST)";
				CODE_SIGN_STYLE = Automatic;
				CURRENT_PROJECT_VERSION = 1;
				DEVELOPMENT_TEAM = LCR365ZNU6;
				GENERATE_INFOPLIST_FILE = YES;
				IPHONEOS_DEPLOYMENT_TARGET = 16.1;
				MACOSX_DEPLOYMENT_TARGET = 12.6;
				MARKETING_VERSION = 1.0;
				PRODUCT_BUNDLE_IDENTIFIER = sonerxdev.navigationStackTests;
				PRODUCT_NAME = "$(TARGET_NAME)";
				SDKROOT = auto;
				SUPPORTED_PLATFORMS = "iphoneos iphonesimulator macosx";
				SWIFT_EMIT_LOC_STRINGS = NO;
				SWIFT_VERSION = 5.0;
				TARGETED_DEVICE_FAMILY = "1,2";
				TEST_HOST = "$(BUILT_PRODUCTS_DIR)/navigationStack.app/$(BUNDLE_EXECUTABLE_FOLDER_PATH)/navigationStack";
			};
			name = Release;
		};
		B9B2AF0D2958652A00789A6B /* Debug */ = {
			isa = XCBuildConfiguration;
			buildSettings = {
				ALWAYS_EMBED_SWIFT_STANDARD_LIBRARIES = YES;
				CODE_SIGN_STYLE = Automatic;
				CURRENT_PROJECT_VERSION = 1;
				DEVELOPMENT_TEAM = LCR365ZNU6;
				GENERATE_INFOPLIST_FILE = YES;
				IPHONEOS_DEPLOYMENT_TARGET = 16.1;
				MACOSX_DEPLOYMENT_TARGET = 12.6;
				MARKETING_VERSION = 1.0;
				PRODUCT_BUNDLE_IDENTIFIER = sonerxdev.navigationStackUITests;
				PRODUCT_NAME = "$(TARGET_NAME)";
				SDKROOT = auto;
				SUPPORTED_PLATFORMS = "iphoneos iphonesimulator macosx";
				SWIFT_EMIT_LOC_STRINGS = NO;
				SWIFT_VERSION = 5.0;
				TARGETED_DEVICE_FAMILY = "1,2";
				TEST_TARGET_NAME = navigationStack;
			};
			name = Debug;
		};
		B9B2AF0E2958652A00789A6B /* Release */ = {
			isa = XCBuildConfiguration;
			buildSettings = {
				ALWAYS_EMBED_SWIFT_STANDARD_LIBRARIES = YES;
				CODE_SIGN_STYLE = Automatic;
				CURRENT_PROJECT_VERSION = 1;
				DEVELOPMENT_TEAM = LCR365ZNU6;
				GENERATE_INFOPLIST_FILE = YES;
				IPHONEOS_DEPLOYMENT_TARGET = 16.1;
				MACOSX_DEPLOYMENT_TARGET = 12.6;
				MARKETING_VERSION = 1.0;
				PRODUCT_BUNDLE_IDENTIFIER = sonerxdev.navigationStackUITests;
				PRODUCT_NAME = "$(TARGET_NAME)";
				SDKROOT = auto;
				SUPPORTED_PLATFORMS = "iphoneos iphonesimulator macosx";
				SWIFT_EMIT_LOC_STRINGS = NO;
				SWIFT_VERSION = 5.0;
				TARGETED_DEVICE_FAMILY = "1,2";
				TEST_TARGET_NAME = navigationStack;
			};
			name = Release;
		};
/* End XCBuildConfiguration section */

/* Begin XCConfigurationList section */
		B9B2AEDC2958652A00789A6B /* Build configuration list for PBXProject "navigationStack" */ = {
			isa = XCConfigurationList;
			buildConfigurations = (
				B9B2AF042958652A00789A6B /* Debug */,
				B9B2AF052958652A00789A6B /* Release */,
			);
			defaultConfigurationIsVisible = 0;
			defaultConfigurationName = Release;
		};
		B9B2AF062958652A00789A6B /* Build configuration list for PBXNativeTarget "navigationStack" */ = {
			isa = XCConfigurationList;
			buildConfigurations = (
				B9B2AF072958652A00789A6B /* Debug */,
				B9B2AF082958652A00789A6B /* Release */,
			);
			defaultConfigurationIsVisible = 0;
			defaultConfigurationName = Release;
		};
		B9B2AF092958652A00789A6B /* Build configuration list for PBXNativeTarget "navigationStackTests" */ = {
			isa = XCConfigurationList;
			buildConfigurations = (
				B9B2AF0A2958652A00789A6B /* Debug */,
				B9B2AF0B2958652A00789A6B /* Release */,
			);
			defaultConfigurationIsVisible = 0;
			defaultConfigurationName = Release;
		};
		B9B2AF0C2958652A00789A6B /* Build configuration list for PBXNativeTarget "navigationStackUITests" */ = {
			isa = XCConfigurationList;
			buildConfigurations = (
				B9B2AF0D2958652A00789A6B /* Debug */,
				B9B2AF0E2958652A00789A6B /* Release */,
			);
			defaultConfigurationIsVisible = 0;
			defaultConfigurationName = Release;
		};
/* End XCConfigurationList section */
	};
	rootObject = B9B2AED92958652A00789A6B /* Project object */;
}
